
Microsoft Visual Studio Solution File, Format Version 12.00
# Visual Studio 15
VisualStudioVersion = 15.0.28307.168
MinimumVisualStudioVersion = 10.0.40219.1
Project("{FAE04EC0-301F-11D3-BF4B-00C04F79EFBC}") = "Class-HesapMakinesi", "Class-HesapMakinesi\Class-HesapMakinesi.csproj", "{A70CD24F-DFBA-42B4-993E-64A5E08ED14A}"
EndProject
Global
	GlobalSection(SolutionConfigurationPlatforms) = preSolution
		Debug|Any CPU = Debug|Any CPU
		Release|Any CPU = Release|Any CPU
	EndGlobalSection
	GlobalSection(ProjectConfigurationPlatforms) = postSolution
		{A70CD24F-DFBA-42B4-993E-64A5E08ED14A}.Debug|Any CPU.ActiveCfg = Debug|Any CPU
		{A70CD24F-DFBA-42B4-993E-64A5E08ED14A}.Debug|Any CPU.Build.0 = Debug|Any CPU
		{A70CD24F-DFBA-42B4-993E-64A5E08ED14A}.Release|Any CPU.ActiveCfg = Release|Any CPU
		{A70CD24F-DFBA-42B4-993E-64A5E08ED14A}.Release|Any CPU.Build.0 = Release|Any CPU
	EndGlobalSection
	GlobalSection(SolutionProperties) = preSolution
		HideSolutionNode = FALSE
	EndGlobalSection
	GlobalSection(ExtensibilityGlobals) = postSolution
		SolutionGuid = {EA14E648-A350-4551-B3C5-99288D84143F}
	EndGlobalSection
EndGlobal
